
Microsoft Visual Studio Solution File, Format Version 12.00
# Visual Studio Version 17
VisualStudioVersion = 17.4.33213.308
MinimumVisualStudioVersion = 10.0.40219.1
Project("{FAE04EC0-301F-11D3-BF4B-00C04F79EFBC}") = "SchoolSnakeGame", "SchoolSnakeGame.csproj", "{8E204B5C-6C75-455B-A32B-632D5AE774C5}"
EndProject
Global
	GlobalSection(SolutionConfigurationPlatforms) = preSolution
		Debug|Any CPU = Debug|Any CPU
		Release|Any CPU = Release|Any CPU
	EndGlobalSection
	GlobalSection(ProjectConfigurationPlatforms) = postSolution
		{8E204B5C-6C75-455B-A32B-632D5AE774C5}.Debug|Any CPU.ActiveCfg = Debug|Any CPU
		{8E204B5C-6C75-455B-A32B-632D5AE774C5}.Debug|Any CPU.Build.0 = Debug|Any CPU
		{8E204B5C-6C75-455B-A32B-632D5AE774C5}.Release|Any CPU.ActiveCfg = Release|Any CPU
		{8E204B5C-6C75-455B-A32B-632D5AE774C5}.Release|Any CPU.Build.0 = Release|Any CPU
	EndGlobalSection
	GlobalSection(SolutionProperties) = preSolution
		HideSolutionNode = FALSE
	EndGlobalSection
	GlobalSection(ExtensibilityGlobals) = postSolution
		SolutionGuid = {DEE1D0E7-215F-4A5E-AE83-95B704F9A7F9}
	EndGlobalSection
EndGlobal
